// !$*UTF8*$!
{
	archiveVersion = 1;
	classes = {
	};
	objectVersion = 56;
	objects = {

/* Begin PBXBuildFile section */
		E51BD4832AD8B920003F4BE2 /* AppDelegate.swift in Sources */ = {isa = PBXBuildFile; fileRef = E51BD4822AD8B920003F4BE2 /* AppDelegate.swift */; };
		E51BD4852AD8B920003F4BE2 /* SceneDelegate.swift in Sources */ = {isa = PBXBuildFile; fileRef = E51BD4842AD8B920003F4BE2 /* SceneDelegate.swift */; };
		E51BD4872AD8B920003F4BE2 /* ViewController.swift in Sources */ = {isa = PBXBuildFile; fileRef = E51BD4862AD8B920003F4BE2 /* ViewController.swift */; };
		E51BD48A2AD8B920003F4BE2 /* Main.storyboard in Resources */ = {isa = PBXBuildFile; fileRef = E51BD4882AD8B920003F4BE2 /* Main.storyboard */; };
		E51BD48C2AD8B921003F4BE2 /* Assets.xcassets in Resources */ = {isa = PBXBuildFile; fileRef = E51BD48B2AD8B921003F4BE2 /* Assets.xcassets */; };
		E51BD48F2AD8B921003F4BE2 /* LaunchScreen.storyboard in Resources */ = {isa = PBXBuildFile; fileRef = E51BD48D2AD8B921003F4BE2 /* LaunchScreen.storyboard */; };
		E51BD49A2AD8B921003F4BE2 /* Lab5_nihalsuneerTests.swift in Sources */ = {isa = PBXBuildFile; fileRef = E51BD4992AD8B921003F4BE2 /* Lab5_nihalsuneerTests.swift */; };
		E51BD4A42AD8B921003F4BE2 /* Lab5_nihalsuneerUITests.swift in Sources */ = {isa = PBXBuildFile; fileRef = E51BD4A32AD8B921003F4BE2 /* Lab5_nihalsuneerUITests.swift */; };
		E51BD4A62AD8B921003F4BE2 /* Lab5_nihalsuneerUITestsLaunchTests.swift in Sources */ = {isa = PBXBuildFile; fileRef = E51BD4A52AD8B921003F4BE2 /* Lab5_nihalsuneerUITestsLaunchTests.swift */; };
/* End PBXBuildFile section */

/* Begin PBXContainerItemProxy section */
		E51BD4962AD8B921003F4BE2 /* PBXContainerItemProxy */ = {
			isa = PBXContainerItemProxy;
			containerPortal = E51BD4772AD8B920003F4BE2 /* Project object */;
			proxyType = 1;
			remoteGlobalIDString = E51BD47E2AD8B920003F4BE2;
			remoteInfo = Lab5_nihalsuneer;
		};
		E51BD4A02AD8B921003F4BE2 /* PBXContainerItemProxy */ = {
			isa = PBXContainerItemProxy;
			containerPortal = E51BD4772AD8B920003F4BE2 /* Project object */;
			proxyType = 1;
			remoteGlobalIDString = E51BD47E2AD8B920003F4BE2;
			remoteInfo = Lab5_nihalsuneer;
		};
/* End PBXContainerItemProxy section */

/* Begin PBXFileReference section */
		E51BD47F2AD8B920003F4BE2 /* Lab5_nihalsuneer.app */ = {isa = PBXFileReference; explicitFileType = wrapper.application; includeInIndex = 0; path = Lab5_nihalsuneer.app; sourceTree = BUILT_PRODUCTS_DIR; };
		E51BD4822AD8B920003F4BE2 /* AppDelegate.swift */ = {isa = PBXFileReference; lastKnownFileType = sourcecode.swift; path = AppDelegate.swift; sourceTree = "<group>"; };
		E51BD4842AD8B920003F4BE2 /* SceneDelegate.swift */ = {isa = PBXFileReference; lastKnownFileType = sourcecode.swift; path = SceneDelegate.swift; sourceTree = "<group>"; };
		E51BD4862AD8B920003F4BE2 /* ViewController.swift */ = {isa = PBXFileReference; lastKnownFileType = sourcecode.swift; path = ViewController.swift; sourceTree = "<group>"; };
		E51BD4892AD8B920003F4BE2 /* Base */ = {isa = PBXFileReference; lastKnownFileType = file.storyboard; name = Base; path = Base.lproj/Main.storyboard; sourceTree = "<group>"; };
		E51BD48B2AD8B921003F4BE2 /* Assets.xcassets */ = {isa = PBXFileReference; lastKnownFileType = folder.assetcatalog; path = Assets.xcassets; sourceTree = "<group>"; };
		E51BD48E2AD8B921003F4BE2 /* Base */ = {isa = PBXFileReference; lastKnownFileType = file.storyboard; name = Base; path = Base.lproj/LaunchScreen.storyboard; sourceTree = "<group>"; };
		E51BD4902AD8B921003F4BE2 /* Info.plist */ = {isa = PBXFileReference; lastKnownFileType = text.plist.xml; path = Info.plist; sourceTree = "<group>"; };
		E51BD4952AD8B921003F4BE2 /* Lab5_nihalsuneerTests.xctest */ = {isa = PBXFileReference; explicitFileType = wrapper.cfbundle; includeInIndex = 0; path = Lab5_nihalsuneerTests.xctest; sourceTree = BUILT_PRODUCTS_DIR; };
		E51BD4992AD8B921003F4BE2 /* Lab5_nihalsuneerTests.swift */ = {isa = PBXFileReference; lastKnownFileType = sourcecode.swift; path = Lab5_nihalsuneerTests.swift; sourceTree = "<group>"; };
		E51BD49F2AD8B921003F4BE2 /* Lab5_nihalsuneerUITests.xctest */ = {isa = PBXFileReference; explicitFileType = wrapper.cfbundle; includeInIndex = 0; path = Lab5_nihalsuneerUITests.xctest; sourceTree = BUILT_PRODUCTS_DIR; };
		E51BD4A32AD8B921003F4BE2 /* Lab5_nihalsuneerUITests.swift */ = {isa = PBXFileReference; lastKnownFileType = sourcecode.swift; path = Lab5_nihalsuneerUITests.swift; sourceTree = "<group>"; };
		E51BD4A52AD8B921003F4BE2 /* Lab5_nihalsuneerUITestsLaunchTests.swift */ = {isa = PBXFileReference; lastKnownFileType = sourcecode.swift; path = Lab5_nihalsuneerUITestsLaunchTests.swift; sourceTree = "<group>"; };
/* End PBXFileReference section */

/* Begin PBXFrameworksBuildPhase section */
		E51BD47C2AD8B920003F4BE2 /* Frameworks */ = {
			isa = PBXFrameworksBuildPhase;
			buildActionMask = 2147483647;
			files = (
			);
			runOnlyForDeploymentPostprocessing = 0;
		};
		E51BD4922AD8B921003F4BE2 /* Frameworks */ = {
			isa = PBXFrameworksBuildPhase;
			buildActionMask = 2147483647;
			files = (
			);
			runOnlyForDeploymentPostprocessing = 0;
		};
		E51BD49C2AD8B921003F4BE2 /* Frameworks */ = {
			isa = PBXFrameworksBuildPhase;
			buildActionMask = 2147483647;
			files = (
			);
			runOnlyForDeploymentPostprocessing = 0;
		};
/* End PBXFrameworksBuildPhase section */

/* Begin PBXGroup section */
		E51BD4762AD8B920003F4BE2 = {
			isa = PBXGroup;
			children = (
				E51BD4812AD8B920003F4BE2 /* Lab5_nihalsuneer */,
				E51BD4982AD8B921003F4BE2 /* Lab5_nihalsuneerTests */,
				E51BD4A22AD8B921003F4BE2 /* Lab5_nihalsuneerUITests */,
				E51BD4802AD8B920003F4BE2 /* Products */,
			);
			sourceTree = "<group>";
		};
		E51BD4802AD8B920003F4BE2 /* Products */ = {
			isa = PBXGroup;
			children = (
				E51BD47F2AD8B920003F4BE2 /* Lab5_nihalsuneer.app */,
				E51BD4952AD8B921003F4BE2 /* Lab5_nihalsuneerTests.xctest */,
				E51BD49F2AD8B921003F4BE2 /* Lab5_nihalsuneerUITests.xctest */,
			);
			name = Products;
			sourceTree = "<group>";
		};
		E51BD4812AD8B920003F4BE2 /* Lab5_nihalsuneer */ = {
			isa = PBXGroup;
			children = (
				E51BD4822AD8B920003F4BE2 /* AppDelegate.swift */,
				E51BD4842AD8B920003F4BE2 /* SceneDelegate.swift */,
				E51BD4862AD8B920003F4BE2 /* ViewController.swift */,
				E51BD4882AD8B920003F4BE2 /* Main.storyboard */,
				E51BD48B2AD8B921003F4BE2 /* Assets.xcassets */,
				E51BD48D2AD8B921003F4BE2 /* LaunchScreen.storyboard */,
				E51BD4902AD8B921003F4BE2 /* Info.plist */,
			);
			path = Lab5_nihalsuneer;
			sourceTree = "<group>";
		};
		E51BD4982AD8B921003F4BE2 /* Lab5_nihalsuneerTests */ = {
			isa = PBXGroup;
			children = (
				E51BD4992AD8B921003F4BE2 /* Lab5_nihalsuneerTests.swift */,
			);
			path = Lab5_nihalsuneerTests;
			sourceTree = "<group>";
		};
		E51BD4A22AD8B921003F4BE2 /* Lab5_nihalsuneerUITests */ = {
			isa = PBXGroup;
			children = (
				E51BD4A32AD8B921003F4BE2 /* Lab5_nihalsuneerUITests.swift */,
				E51BD4A52AD8B921003F4BE2 /* Lab5_nihalsuneerUITestsLaunchTests.swift */,
			);
			path = Lab5_nihalsuneerUITests;
			sourceTree = "<group>";
		};
/* End PBXGroup section */

/* Begin PBXNativeTarget section */
		E51BD47E2AD8B920003F4BE2 /* Lab5_nihalsuneer */ = {
			isa = PBXNativeTarget;
			buildConfigurationList = E51BD4A92AD8B921003F4BE2 /* Build configuration list for PBXNativeTarget "Lab5_nihalsuneer" */;
			buildPhases = (
				E51BD47B2AD8B920003F4BE2 /* Sources */,
				E51BD47C2AD8B920003F4BE2 /* Frameworks */,
				E51BD47D2AD8B920003F4BE2 /* Resources */,
			);
			buildRules = (
			);
			dependencies = (
			);
			name = Lab5_nihalsuneer;
			productName = Lab5_nihalsuneer;
			productReference = E51BD47F2AD8B920003F4BE2 /* Lab5_nihalsuneer.app */;
			productType = "com.apple.product-type.application";
		};
		E51BD4942AD8B921003F4BE2 /* Lab5_nihalsuneerTests */ = {
			isa = PBXNativeTarget;
			buildConfigurationList = E51BD4AC2AD8B921003F4BE2 /* Build configuration list for PBXNativeTarget "Lab5_nihalsuneerTests" */;
			buildPhases = (
				E51BD4912AD8B921003F4BE2 /* Sources */,
				E51BD4922AD8B921003F4BE2 /* Frameworks */,
				E51BD4932AD8B921003F4BE2 /* Resources */,
			);
			buildRules = (
			);
			dependencies = (
				E51BD4972AD8B921003F4BE2 /* PBXTargetDependency */,
			);
			name = Lab5_nihalsuneerTests;
			productName = Lab5_nihalsuneerTests;
			productReference = E51BD4952AD8B921003F4BE2 /* Lab5_nihalsuneerTests.xctest */;
			productType = "com.apple.product-type.bundle.unit-test";
		};
		E51BD49E2AD8B921003F4BE2 /* Lab5_nihalsuneerUITests */ = {
			isa = PBXNativeTarget;
			buildConfigurationList = E51BD4AF2AD8B921003F4BE2 /* Build configuration list for PBXNativeTarget "Lab5_nihalsuneerUITests" */;
			buildPhases = (
				E51BD49B2AD8B921003F4BE2 /* Sources */,
				E51BD49C2AD8B921003F4BE2 /* Frameworks */,
				E51BD49D2AD8B921003F4BE2 /* Resources */,
			);
			buildRules = (
			);
			dependencies = (
				E51BD4A12AD8B921003F4BE2 /* PBXTargetDependency */,
			);
			name = Lab5_nihalsuneerUITests;
			productName = Lab5_nihalsuneerUITests;
			productReference = E51BD49F2AD8B921003F4BE2 /* Lab5_nihalsuneerUITests.xctest */;
			productType = "com.apple.product-type.bundle.ui-testing";
		};
/* End PBXNativeTarget section */

/* Begin PBXProject section */
		E51BD4772AD8B920003F4BE2 /* Project object */ = {
			isa = PBXProject;
			attributes = {
				BuildIndependentTargetsInParallel = 1;
				LastSwiftUpdateCheck = 1420;
				LastUpgradeCheck = 1420;
				TargetAttributes = {
					E51BD47E2AD8B920003F4BE2 = {
						CreatedOnToolsVersion = 14.2;
					};
					E51BD4942AD8B921003F4BE2 = {
						CreatedOnToolsVersion = 14.2;
						TestTargetID = E51BD47E2AD8B920003F4BE2;
					};
					E51BD49E2AD8B921003F4BE2 = {
						CreatedOnToolsVersion = 14.2;
						TestTargetID = E51BD47E2AD8B920003F4BE2;
					};
				};
			};
			buildConfigurationList = E51BD47A2AD8B920003F4BE2 /* Build configuration list for PBXProject "Lab5_nihalsuneer" */;
			compatibilityVersion = "Xcode 14.0";
			developmentRegion = en;
			hasScannedForEncodings = 0;
			knownRegions = (
				en,
				Base,
			);
			mainGroup = E51BD4762AD8B920003F4BE2;
			productRefGroup = E51BD4802AD8B920003F4BE2 /* Products */;
			projectDirPath = "";
			projectRoot = "";
			targets = (
				E51BD47E2AD8B920003F4BE2 /* Lab5_nihalsuneer */,
				E51BD4942AD8B921003F4BE2 /* Lab5_nihalsuneerTests */,
				E51BD49E2AD8B921003F4BE2 /* Lab5_nihalsuneerUITests */,
			);
		};
/* End PBXProject section */

/* Begin PBXResourcesBuildPhase section */
		E51BD47D2AD8B920003F4BE2 /* Resources */ = {
			isa = PBXResourcesBuildPhase;
			buildActionMask = 2147483647;
			files = (
				E51BD48F2AD8B921003F4BE2 /* LaunchScreen.storyboard in Resources */,
				E51BD48C2AD8B921003F4BE2 /* Assets.xcassets in Resources */,
				E51BD48A2AD8B920003F4BE2 /* Main.storyboard in Resources */,
			);
			runOnlyForDeploymentPostprocessing = 0;
		};
		E51BD4932AD8B921003F4BE2 /* Resources */ = {
			isa = PBXResourcesBuildPhase;
			buildActionMask = 2147483647;
			files = (
			);
			runOnlyForDeploymentPostprocessing = 0;
		};
		E51BD49D2AD8B921003F4BE2 /* Resources */ = {
			isa = PBXResourcesBuildPhase;
			buildActionMask = 2147483647;
			files = (
			);
			runOnlyForDeploymentPostprocessing = 0;
		};
/* End PBXResourcesBuildPhase section */

/* Begin PBXSourcesBuildPhase section */
		E51BD47B2AD8B920003F4BE2 /* Sources */ = {
			isa = PBXSourcesBuildPhase;
			buildActionMask = 2147483647;
			files = (
				E51BD4872AD8B920003F4BE2 /* ViewController.swift in Sources */,
				E51BD4832AD8B920003F4BE2 /* AppDelegate.swift in Sources */,
				E51BD4852AD8B920003F4BE2 /* SceneDelegate.swift in Sources */,
			);
			runOnlyForDeploymentPostprocessing = 0;
		};
		E51BD4912AD8B921003F4BE2 /* Sources */ = {
			isa = PBXSourcesBuildPhase;
			buildActionMask = 2147483647;
			files = (
				E51BD49A2AD8B921003F4BE2 /* Lab5_nihalsuneerTests.swift in Sources */,
			);
			runOnlyForDeploymentPostprocessing = 0;
		};
		E51BD49B2AD8B921003F4BE2 /* Sources */ = {
			isa = PBXSourcesBuildPhase;
			buildActionMask = 2147483647;
			files = (
				E51BD4A42AD8B921003F4BE2 /* Lab5_nihalsuneerUITests.swift in Sources */,
				E51BD4A62AD8B921003F4BE2 /* Lab5_nihalsuneerUITestsLaunchTests.swift in Sources */,
			);
			runOnlyForDeploymentPostprocessing = 0;
		};
/* End PBXSourcesBuildPhase section */

/* Begin PBXTargetDependency section */
		E51BD4972AD8B921003F4BE2 /* PBXTargetDependency */ = {
			isa = PBXTargetDependency;
			target = E51BD47E2AD8B920003F4BE2 /* Lab5_nihalsuneer */;
			targetProxy = E51BD4962AD8B921003F4BE2 /* PBXContainerItemProxy */;
		};
		E51BD4A12AD8B921003F4BE2 /* PBXTargetDependency */ = {
			isa = PBXTargetDependency;
			target = E51BD47E2AD8B920003F4BE2 /* Lab5_nihalsuneer */;
			targetProxy = E51BD4A02AD8B921003F4BE2 /* PBXContainerItemProxy */;
		};
/* End PBXTargetDependency section */

/* Begin PBXVariantGroup section */
		E51BD4882AD8B920003F4BE2 /* Main.storyboard */ = {
			isa = PBXVariantGroup;
			children = (
				E51BD4892AD8B920003F4BE2 /* Base */,
			);
			name = Main.storyboard;
			sourceTree = "<group>";
		};
		E51BD48D2AD8B921003F4BE2 /* LaunchScreen.storyboard */ = {
			isa = PBXVariantGroup;
			children = (
				E51BD48E2AD8B921003F4BE2 /* Base */,
			);
			name = LaunchScreen.storyboard;
			sourceTree = "<group>";
		};
/* End PBXVariantGroup section */

/* Begin XCBuildConfiguration section */
		E51BD4A72AD8B921003F4BE2 /* Debug */ = {
			isa = XCBuildConfiguration;
			buildSettings = {
				ALWAYS_SEARCH_USER_PATHS = NO;
				CLANG_ANALYZER_NONNULL = YES;
				CLANG_ANALYZER_NUMBER_OBJECT_CONVERSION = YES_AGGRESSIVE;
				CLANG_CXX_LANGUAGE_STANDARD = "gnu++20";
				CLANG_ENABLE_MODULES = YES;
				CLANG_ENABLE_OBJC_ARC = YES;
				CLANG_ENABLE_OBJC_WEAK = YES;
				CLANG_WARN_BLOCK_CAPTURE_AUTORELEASING = YES;
				CLANG_WARN_BOOL_CONVERSION = YES;
				CLANG_WARN_COMMA = YES;
				CLANG_WARN_CONSTANT_CONVERSION = YES;
				CLANG_WARN_DEPRECATED_OBJC_IMPLEMENTATIONS = YES;
				CLANG_WARN_DIRECT_OBJC_ISA_USAGE = YES_ERROR;
				CLANG_WARN_DOCUMENTATION_COMMENTS = YES;
				CLANG_WARN_EMPTY_BODY = YES;
				CLANG_WARN_ENUM_CONVERSION = YES;
				CLANG_WARN_INFINITE_RECURSION = YES;
				CLANG_WARN_INT_CONVERSION = YES;
				CLANG_WARN_NON_LITERAL_NULL_CONVERSION = YES;
				CLANG_WARN_OBJC_IMPLICIT_RETAIN_SELF = YES;
				CLANG_WARN_OBJC_LITERAL_CONVERSION = YES;
				CLANG_WARN_OBJC_ROOT_CLASS = YES_ERROR;
				CLANG_WARN_QUOTED_INCLUDE_IN_FRAMEWORK_HEADER = YES;
				CLANG_WARN_RANGE_LOOP_ANALYSIS = YES;
				CLANG_WARN_STRICT_PROTOTYPES = YES;
				CLANG_WARN_SUSPICIOUS_MOVE = YES;
				CLANG_WARN_UNGUARDED_AVAILABILITY = YES_AGGRESSIVE;
				CLANG_WARN_UNREACHABLE_CODE = YES;
				CLANG_WARN__DUPLICATE_METHOD_MATCH = YES;
				COPY_PHASE_STRIP = NO;
				DEBUG_INFORMATION_FORMAT = dwarf;
				ENABLE_STRICT_OBJC_MSGSEND = YES;
				ENABLE_TESTABILITY = YES;
				GCC_C_LANGUAGE_STANDARD = gnu11;
				GCC_DYNAMIC_NO_PIC = NO;
				GCC_NO_COMMON_BLOCKS = YES;
				GCC_OPTIMIZATION_LEVEL = 0;
				GCC_PREPROCESSOR_DEFINITIONS = (
					"DEBUG=1",
					"$(inherited)",
				);
				GCC_WARN_64_TO_32_BIT_CONVERSION = YES;
				GCC_WARN_ABOUT_RETURN_TYPE = YES_ERROR;
				GCC_WARN_UNDECLARED_SELECTOR = YES;
				GCC_WARN_UNINITIALIZED_AUTOS = YES_AGGRESSIVE;
				GCC_WARN_UNUSED_FUNCTION = YES;
				GCC_WARN_UNUSED_VARIABLE = YES;
				IPHONEOS_DEPLOYMENT_TARGET = 16.2;
				MTL_ENABLE_DEBUG_INFO = INCLUDE_SOURCE;
				MTL_FAST_MATH = YES;
				ONLY_ACTIVE_ARCH = YES;
				SDKROOT = iphoneos;
				SWIFT_ACTIVE_COMPILATION_CONDITIONS = DEBUG;
				SWIFT_OPTIMIZATION_LEVEL = "-Onone";
			};
			name = Debug;
		};
		E51BD4A82AD8B921003F4BE2 /* Release */ = {
			isa = XCBuildConfiguration;
			buildSettings = {
				ALWAYS_SEARCH_USER_PATHS = NO;
				CLANG_ANALYZER_NONNULL = YES;
				CLANG_ANALYZER_NUMBER_OBJECT_CONVERSION = YES_AGGRESSIVE;
				CLANG_CXX_LANGUAGE_STANDARD = "gnu++20";
				CLANG_ENABLE_MODULES = YES;
				CLANG_ENABLE_OBJC_ARC = YES;
				CLANG_ENABLE_OBJC_WEAK = YES;
				CLANG_WARN_BLOCK_CAPTURE_AUTORELEASING = YES;
				CLANG_WARN_BOOL_CONVERSION = YES;
				CLANG_WARN_COMMA = YES;
				CLANG_WARN_CONSTANT_CONVERSION = YES;
				CLANG_WARN_DEPRECATED_OBJC_IMPLEMENTATIONS = YES;
				CLANG_WARN_DIRECT_OBJC_ISA_USAGE = YES_ERROR;
				CLANG_WARN_DOCUMENTATION_COMMENTS = YES;
				CLANG_WARN_EMPTY_BODY = YES;
				CLANG_WARN_ENUM_CONVERSION = YES;
				CLANG_WARN_INFINITE_RECURSION = YES;
				CLANG_WARN_INT_CONVERSION = YES;
				CLANG_WARN_NON_LITERAL_NULL_CONVERSION = YES;
				CLANG_WARN_OBJC_IMPLICIT_RETAIN_SELF = YES;
				CLANG_WARN_OBJC_LITERAL_CONVERSION = YES;
				CLANG_WARN_OBJC_ROOT_CLASS = YES_ERROR;
				CLANG_WARN_QUOTED_INCLUDE_IN_FRAMEWORK_HEADER = YES;
				CLANG_WARN_RANGE_LOOP_ANALYSIS = YES;
				CLANG_WARN_STRICT_PROTOTYPES = YES;
				CLANG_WARN_SUSPICIOUS_MOVE = YES;
				CLANG_WARN_UNGUARDED_AVAILABILITY = YES_AGGRESSIVE;
				CLANG_WARN_UNREACHABLE_CODE = YES;
				CLANG_WARN__DUPLICATE_METHOD_MATCH = YES;
				COPY_PHASE_STRIP = NO;
				DEBUG_INFORMATION_FORMAT = "dwarf-with-dsym";
				ENABLE_NS_ASSERTIONS = NO;
				ENABLE_STRICT_OBJC_MSGSEND = YES;
				GCC_C_LANGUAGE_STANDARD = gnu11;
				GCC_NO_COMMON_BLOCKS = YES;
				GCC_WARN_64_TO_32_BIT_CONVERSION = YES;
				GCC_WARN_ABOUT_RETURN_TYPE = YES_ERROR;
				GCC_WARN_UNDECLARED_SELECTOR = YES;
				GCC_WARN_UNINITIALIZED_AUTOS = YES_AGGRESSIVE;
				GCC_WARN_UNUSED_FUNCTION = YES;
				GCC_WARN_UNUSED_VARIABLE = YES;
				IPHONEOS_DEPLOYMENT_TARGET = 16.2;
				MTL_ENABLE_DEBUG_INFO = NO;
				MTL_FAST_MATH = YES;
				SDKROOT = iphoneos;
				SWIFT_COMPILATION_MODE = wholemodule;
				SWIFT_OPTIMIZATION_LEVEL = "-O";
				VALIDATE_PRODUCT = YES;
			};
			name = Release;
		};
		E51BD4AA2AD8B921003F4BE2 /* Debug */ = {
			isa = XCBuildConfiguration;
			buildSettings = {
				ASSETCATALOG_COMPILER_APPICON_NAME = AppIcon;
				ASSETCATALOG_COMPILER_GLOBAL_ACCENT_COLOR_NAME = AccentColor;
				CODE_SIGN_STYLE = Automatic;
				CURRENT_PROJECT_VERSION = 1;
				GENERATE_INFOPLIST_FILE = YES;
				INFOPLIST_FILE = Lab5_nihalsuneer/Info.plist;
				INFOPLIST_KEY_UIApplicationSupportsIndirectInputEvents = YES;
				INFOPLIST_KEY_UILaunchStoryboardName = LaunchScreen;
				INFOPLIST_KEY_UIMainStoryboardFile = Main;
				INFOPLIST_KEY_UISupportedInterfaceOrientations_iPad = "UIInterfaceOrientationPortrait UIInterfaceOrientationPortraitUpsideDown UIInterfaceOrientationLandscapeLeft UIInterfaceOrientationLandscapeRight";
				INFOPLIST_KEY_UISupportedInterfaceOrientations_iPhone = "UIInterfaceOrientationPortrait UIInterfaceOrientationLandscapeLeft UIInterfaceOrientationLandscapeRight";
				LD_RUNPATH_SEARCH_PATHS = (
					"$(inherited)",
					"@executable_path/Frameworks",
				);
				MARKETING_VERSION = 1.0;
				PRODUCT_BUNDLE_IDENTIFIER = "com.conestoga.lab.Lab5-nihalsuneer";
				PRODUCT_NAME = "$(TARGET_NAME)";
				SWIFT_EMIT_LOC_STRINGS = YES;
				SWIFT_VERSION = 5.0;
				TARGETED_DEVICE_FAMILY = "1,2";
			};
			name = Debug;
		};
		E51BD4AB2AD8B921003F4BE2 /* Release */ = {
			isa = XCBuildConfiguration;
			buildSettings = {
				ASSETCATALOG_COMPILER_APPICON_NAME = AppIcon;
				ASSETCATALOG_COMPILER_GLOBAL_ACCENT_COLOR_NAME = AccentColor;
				CODE_SIGN_STYLE = Automatic;
				CURRENT_PROJECT_VERSION = 1;
				GENERATE_INFOPLIST_FILE = YES;
				INFOPLIST_FILE = Lab5_nihalsuneer/Info.plist;
				INFOPLIST_KEY_UIApplicationSupportsIndirectInputEvents = YES;
				INFOPLIST_KEY_UILaunchStoryboardName = LaunchScreen;
				INFOPLIST_KEY_UIMainStoryboardFile = Main;
				INFOPLIST_KEY_UISupportedInterfaceOrientations_iPad = "UIInterfaceOrientationPortrait UIInterfaceOrientationPortraitUpsideDown UIInterfaceOrientationLandscapeLeft UIInterfaceOrientationLandscapeRight";
				INFOPLIST_KEY_UISupportedInterfaceOrientations_iPhone = "UIInterfaceOrientationPortrait UIInterfaceOrientationLandscapeLeft UIInterfaceOrientationLandscapeRight";
				LD_RUNPATH_SEARCH_PATHS = (
					"$(inherited)",
					"@executable_path/Frameworks",
				);
				MARKETING_VERSION = 1.0;
				PRODUCT_BUNDLE_IDENTIFIER = "com.conestoga.lab.Lab5-nihalsuneer";
				PRODUCT_NAME = "$(TARGET_NAME)";
				SWIFT_EMIT_LOC_STRINGS = YES;
				SWIFT_VERSION = 5.0;
				TARGETED_DEVICE_FAMILY = "1,2";
			};
			name = Release;
		};
		E51BD4AD2AD8B921003F4BE2 /* Debug */ = {
			isa = XCBuildConfiguration;
			buildSettings = {
				ALWAYS_EMBED_SWIFT_STANDARD_LIBRARIES = YES;
				BUNDLE_LOADER = "$(TEST_HOST)";
				CODE_SIGN_STYLE = Automatic;
				CURRENT_PROJECT_VERSION = 1;
				GENERATE_INFOPLIST_FILE = YES;
				IPHONEOS_DEPLOYMENT_TARGET = 16.2;
				MARKETING_VERSION = 1.0;
				PRODUCT_BUNDLE_IDENTIFIER = "com.conestoga.lab.Lab5-nihalsuneerTests";
				PRODUCT_NAME = "$(TARGET_NAME)";
				SWIFT_EMIT_LOC_STRINGS = NO;
				SWIFT_VERSION = 5.0;
				TARGETED_DEVICE_FAMILY = "1,2";
				TEST_HOST = "$(BUILT_PRODUCTS_DIR)/Lab5_nihalsuneer.app/$(BUNDLE_EXECUTABLE_FOLDER_PATH)/Lab5_nihalsuneer";
			};
			name = Debug;
		};
		E51BD4AE2AD8B921003F4BE2 /* Release */ = {
			isa = XCBuildConfiguration;
			buildSettings = {
				ALWAYS_EMBED_SWIFT_STANDARD_LIBRARIES = YES;
				BUNDLE_LOADER = "$(TEST_HOST)";
				CODE_SIGN_STYLE = Automatic;
				CURRENT_PROJECT_VERSION = 1;
				GENERATE_INFOPLIST_FILE = YES;
				IPHONEOS_DEPLOYMENT_TARGET = 16.2;
				MARKETING_VERSION = 1.0;
				PRODUCT_BUNDLE_IDENTIFIER = "com.conestoga.lab.Lab5-nihalsuneerTests";
				PRODUCT_NAME = "$(TARGET_NAME)";
				SWIFT_EMIT_LOC_STRINGS = NO;
				SWIFT_VERSION = 5.0;
				TARGETED_DEVICE_FAMILY = "1,2";
				TEST_HOST = "$(BUILT_PRODUCTS_DIR)/Lab5_nihalsuneer.app/$(BUNDLE_EXECUTABLE_FOLDER_PATH)/Lab5_nihalsuneer";
			};
			name = Release;
		};
		E51BD4B02AD8B921003F4BE2 /* Debug */ = {
			isa = XCBuildConfiguration;
			buildSettings = {
				ALWAYS_EMBED_SWIFT_STANDARD_LIBRARIES = YES;
				CODE_SIGN_STYLE = Automatic;
				CURRENT_PROJECT_VERSION = 1;
				GENERATE_INFOPLIST_FILE = YES;
				MARKETING_VERSION = 1.0;
				PRODUCT_BUNDLE_IDENTIFIER = "com.conestoga.lab.Lab5-nihalsuneerUITests";
				PRODUCT_NAME = "$(TARGET_NAME)";
				SWIFT_EMIT_LOC_STRINGS = NO;
				SWIFT_VERSION = 5.0;
				TARGETED_DEVICE_FAMILY = "1,2";
				TEST_TARGET_NAME = Lab5_nihalsuneer;
			};
			name = Debug;
		};
		E51BD4B12AD8B921003F4BE2 /* Release */ = {
			isa = XCBuildConfiguration;
			buildSettings = {
				ALWAYS_EMBED_SWIFT_STANDARD_LIBRARIES = YES;
				CODE_SIGN_STYLE = Automatic;
				CURRENT_PROJECT_VERSION = 1;
				GENERATE_INFOPLIST_FILE = YES;
				MARKETING_VERSION = 1.0;
				PRODUCT_BUNDLE_IDENTIFIER = "com.conestoga.lab.Lab5-nihalsuneerUITests";
				PRODUCT_NAME = "$(TARGET_NAME)";
				SWIFT_EMIT_LOC_STRINGS = NO;
				SWIFT_VERSION = 5.0;
				TARGETED_DEVICE_FAMILY = "1,2";
				TEST_TARGET_NAME = Lab5_nihalsuneer;
			};
			name = Release;
		};
/* End XCBuildConfiguration section */

/* Begin XCConfigurationList section */
		E51BD47A2AD8B920003F4BE2 /* Build configuration list for PBXProject "Lab5_nihalsuneer" */ = {
			isa = XCConfigurationList;
			buildConfigurations = (
				E51BD4A72AD8B921003F4BE2 /* Debug */,
				E51BD4A82AD8B921003F4BE2 /* Release */,
			);
			defaultConfigurationIsVisible = 0;
			defaultConfigurationName = Release;
		};
		E51BD4A92AD8B921003F4BE2 /* Build configuration list for PBXNativeTarget "Lab5_nihalsuneer" */ = {
			isa = XCConfigurationList;
			buildConfigurations = (
				E51BD4AA2AD8B921003F4BE2 /* Debug */,
				E51BD4AB2AD8B921003F4BE2 /* Release */,
			);
			defaultConfigurationIsVisible = 0;
			defaultConfigurationName = Release;
		};
		E51BD4AC2AD8B921003F4BE2 /* Build configuration list for PBXNativeTarget "Lab5_nihalsuneerTests" */ = {
			isa = XCConfigurationList;
			buildConfigurations = (
				E51BD4AD2AD8B921003F4BE2 /* Debug */,
				E51BD4AE2AD8B921003F4BE2 /* Release */,
			);
			defaultConfigurationIsVisible = 0;
			defaultConfigurationName = Release;
		};
		E51BD4AF2AD8B921003F4BE2 /* Build configuration list for PBXNativeTarget "Lab5_nihalsuneerUITests" */ = {
			isa = XCConfigurationList;
			buildConfigurations = (
				E51BD4B02AD8B921003F4BE2 /* Debug */,
				E51BD4B12AD8B921003F4BE2 /* Release */,
			);
			defaultConfigurationIsVisible = 0;
			defaultConfigurationName = Release;
		};
/* End XCConfigurationList section */
	};
	rootObject = E51BD4772AD8B920003F4BE2 /* Project object */;
}
